// !$*UTF8*$!
{
	archiveVersion = 1;
	classes = {
	};
	objectVersion = 50;
	objects = {

/* Begin PBXBuildFile section */
		F74645C524D77F9100D66AFC /* AppDelegate.swift in Sources */ = {isa = PBXBuildFile; fileRef = F74645C424D77F9100D66AFC /* AppDelegate.swift */; };
		F74645C724D77F9100D66AFC /* SceneDelegate.swift in Sources */ = {isa = PBXBuildFile; fileRef = F74645C624D77F9100D66AFC /* SceneDelegate.swift */; };
		F74645C924D77F9100D66AFC /* ViewController.swift in Sources */ = {isa = PBXBuildFile; fileRef = F74645C824D77F9100D66AFC /* ViewController.swift */; };
		F74645CC24D77F9100D66AFC /* Main.storyboard in Resources */ = {isa = PBXBuildFile; fileRef = F74645CA24D77F9100D66AFC /* Main.storyboard */; };
		F74645CE24D77F9E00D66AFC /* Assets.xcassets in Resources */ = {isa = PBXBuildFile; fileRef = F74645CD24D77F9E00D66AFC /* Assets.xcassets */; };
		F74645D124D77F9E00D66AFC /* LaunchScreen.storyboard in Resources */ = {isa = PBXBuildFile; fileRef = F74645CF24D77F9E00D66AFC /* LaunchScreen.storyboard */; };
		F74645DC24D77FA000D66AFC /* TipTests.swift in Sources */ = {isa = PBXBuildFile; fileRef = F74645DB24D77FA000D66AFC /* TipTests.swift */; };
		F74645E724D77FA000D66AFC /* TipUITests.swift in Sources */ = {isa = PBXBuildFile; fileRef = F74645E624D77FA000D66AFC /* TipUITests.swift */; };
/* End PBXBuildFile section */

/* Begin PBXContainerItemProxy section */
		F74645D824D77FA000D66AFC /* PBXContainerItemProxy */ = {
			isa = PBXContainerItemProxy;
			containerPortal = F74645B924D77F9000D66AFC /* Project object */;
			proxyType = 1;
			remoteGlobalIDString = F74645C024D77F9100D66AFC;
			remoteInfo = Tip;
		};
		F74645E324D77FA000D66AFC /* PBXContainerItemProxy */ = {
			isa = PBXContainerItemProxy;
			containerPortal = F74645B924D77F9000D66AFC /* Project object */;
			proxyType = 1;
			remoteGlobalIDString = F74645C024D77F9100D66AFC;
			remoteInfo = Tip;
		};
/* End PBXContainerItemProxy section */

/* Begin PBXFileReference section */
		F74645C124D77F9100D66AFC /* Tip.app */ = {isa = PBXFileReference; explicitFileType = wrapper.application; includeInIndex = 0; path = Tip.app; sourceTree = BUILT_PRODUCTS_DIR; };
		F74645C424D77F9100D66AFC /* AppDelegate.swift */ = {isa = PBXFileReference; lastKnownFileType = sourcecode.swift; path = AppDelegate.swift; sourceTree = "<group>"; };
		F74645C624D77F9100D66AFC /* SceneDelegate.swift */ = {isa = PBXFileReference; lastKnownFileType = sourcecode.swift; path = SceneDelegate.swift; sourceTree = "<group>"; };
		F74645C824D77F9100D66AFC /* ViewController.swift */ = {isa = PBXFileReference; lastKnownFileType = sourcecode.swift; path = ViewController.swift; sourceTree = "<group>"; };
		F74645CB24D77F9100D66AFC /* Base */ = {isa = PBXFileReference; lastKnownFileType = file.storyboard; name = Base; path = Base.lproj/Main.storyboard; sourceTree = "<group>"; };
		F74645CD24D77F9E00D66AFC /* Assets.xcassets */ = {isa = PBXFileReference; lastKnownFileType = folder.assetcatalog; path = Assets.xcassets; sourceTree = "<group>"; };
		F74645D024D77F9E00D66AFC /* Base */ = {isa = PBXFileReference; lastKnownFileType = file.storyboard; name = Base; path = Base.lproj/LaunchScreen.storyboard; sourceTree = "<group>"; };
		F74645D224D77F9E00D66AFC /* Info.plist */ = {isa = PBXFileReference; lastKnownFileType = text.plist.xml; path = Info.plist; sourceTree = "<group>"; };
		F74645D724D77FA000D66AFC /* TipTests.xctest */ = {isa = PBXFileReference; explicitFileType = wrapper.cfbundle; includeInIndex = 0; path = TipTests.xctest; sourceTree = BUILT_PRODUCTS_DIR; };
		F74645DB24D77FA000D66AFC /* TipTests.swift */ = {isa = PBXFileReference; lastKnownFileType = sourcecode.swift; path = TipTests.swift; sourceTree = "<group>"; };
		F74645DD24D77FA000D66AFC /* Info.plist */ = {isa = PBXFileReference; lastKnownFileType = text.plist.xml; path = Info.plist; sourceTree = "<group>"; };
		F74645E224D77FA000D66AFC /* TipUITests.xctest */ = {isa = PBXFileReference; explicitFileType = wrapper.cfbundle; includeInIndex = 0; path = TipUITests.xctest; sourceTree = BUILT_PRODUCTS_DIR; };
		F74645E624D77FA000D66AFC /* TipUITests.swift */ = {isa = PBXFileReference; lastKnownFileType = sourcecode.swift; path = TipUITests.swift; sourceTree = "<group>"; };
		F74645E824D77FA000D66AFC /* Info.plist */ = {isa = PBXFileReference; lastKnownFileType = text.plist.xml; path = Info.plist; sourceTree = "<group>"; };
/* End PBXFileReference section */

/* Begin PBXFrameworksBuildPhase section */
		F74645BE24D77F9100D66AFC /* Frameworks */ = {
			isa = PBXFrameworksBuildPhase;
			buildActionMask = 2147483647;
			files = (
			);
			runOnlyForDeploymentPostprocessing = 0;
		};
		F74645D424D77FA000D66AFC /* Frameworks */ = {
			isa = PBXFrameworksBuildPhase;
			buildActionMask = 2147483647;
			files = (
			);
			runOnlyForDeploymentPostprocessing = 0;
		};
		F74645DF24D77FA000D66AFC /* Frameworks */ = {
			isa = PBXFrameworksBuildPhase;
			buildActionMask = 2147483647;
			files = (
			);
			runOnlyForDeploymentPostprocessing = 0;
		};
/* End PBXFrameworksBuildPhase section */

/* Begin PBXGroup section */
		F74645B824D77F9000D66AFC = {
			isa = PBXGroup;
			children = (
				F74645C324D77F9100D66AFC /* Tip */,
				F74645DA24D77FA000D66AFC /* TipTests */,
				F74645E524D77FA000D66AFC /* TipUITests */,
				F74645C224D77F9100D66AFC /* Products */,
			);
			sourceTree = "<group>";
		};
		F74645C224D77F9100D66AFC /* Products */ = {
			isa = PBXGroup;
			children = (
				F74645C124D77F9100D66AFC /* Tip.app */,
				F74645D724D77FA000D66AFC /* TipTests.xctest */,
				F74645E224D77FA000D66AFC /* TipUITests.xctest */,
			);
			name = Products;
			sourceTree = "<group>";
		};
		F74645C324D77F9100D66AFC /* Tip */ = {
			isa = PBXGroup;
			children = (
				F74645C424D77F9100D66AFC /* AppDelegate.swift */,
				F74645C624D77F9100D66AFC /* SceneDelegate.swift */,
				F74645C824D77F9100D66AFC /* ViewController.swift */,
				F74645CA24D77F9100D66AFC /* Main.storyboard */,
				F74645CD24D77F9E00D66AFC /* Assets.xcassets */,
				F74645CF24D77F9E00D66AFC /* LaunchScreen.storyboard */,
				F74645D224D77F9E00D66AFC /* Info.plist */,
			);
			path = Tip;
			sourceTree = "<group>";
		};
		F74645DA24D77FA000D66AFC /* TipTests */ = {
			isa = PBXGroup;
			children = (
				F74645DB24D77FA000D66AFC /* TipTests.swift */,
				F74645DD24D77FA000D66AFC /* Info.plist */,
			);
			path = TipTests;
			sourceTree = "<group>";
		};
		F74645E524D77FA000D66AFC /* TipUITests */ = {
			isa = PBXGroup;
			children = (
				F74645E624D77FA000D66AFC /* TipUITests.swift */,
				F74645E824D77FA000D66AFC /* Info.plist */,
			);
			path = TipUITests;
			sourceTree = "<group>";
		};
/* End PBXGroup section */

/* Begin PBXNativeTarget section */
		F74645C024D77F9100D66AFC /* Tip */ = {
			isa = PBXNativeTarget;
			buildConfigurationList = F74645EB24D77FA100D66AFC /* Build configuration list for PBXNativeTarget "Tip" */;
			buildPhases = (
				F74645BD24D77F9100D66AFC /* Sources */,
				F74645BE24D77F9100D66AFC /* Frameworks */,
				F74645BF24D77F9100D66AFC /* Resources */,
			);
			buildRules = (
			);
			dependencies = (
			);
			name = Tip;
			productName = Tip;
			productReference = F74645C124D77F9100D66AFC /* Tip.app */;
			productType = "com.apple.product-type.application";
		};
		F74645D624D77FA000D66AFC /* TipTests */ = {
			isa = PBXNativeTarget;
			buildConfigurationList = F74645EE24D77FA100D66AFC /* Build configuration list for PBXNativeTarget "TipTests" */;
			buildPhases = (
				F74645D324D77FA000D66AFC /* Sources */,
				F74645D424D77FA000D66AFC /* Frameworks */,
				F74645D524D77FA000D66AFC /* Resources */,
			);
			buildRules = (
			);
			dependencies = (
				F74645D924D77FA000D66AFC /* PBXTargetDependency */,
			);
			name = TipTests;
			productName = TipTests;
			productReference = F74645D724D77FA000D66AFC /* TipTests.xctest */;
			productType = "com.apple.product-type.bundle.unit-test";
		};
		F74645E124D77FA000D66AFC /* TipUITests */ = {
			isa = PBXNativeTarget;
			buildConfigurationList = F74645F124D77FA100D66AFC /* Build configuration list for PBXNativeTarget "TipUITests" */;
			buildPhases = (
				F74645DE24D77FA000D66AFC /* Sources */,
				F74645DF24D77FA000D66AFC /* Frameworks */,
				F74645E024D77FA000D66AFC /* Resources */,
			);
			buildRules = (
			);
			dependencies = (
				F74645E424D77FA000D66AFC /* PBXTargetDependency */,
			);
			name = TipUITests;
			productName = TipUITests;
			productReference = F74645E224D77FA000D66AFC /* TipUITests.xctest */;
			productType = "com.apple.product-type.bundle.ui-testing";
		};
/* End PBXNativeTarget section */

/* Begin PBXProject section */
		F74645B924D77F9000D66AFC /* Project object */ = {
			isa = PBXProject;
			attributes = {
				LastSwiftUpdateCheck = 1160;
				LastUpgradeCheck = 1160;
				ORGANIZATIONNAME = Codepath;
				TargetAttributes = {
					F74645C024D77F9100D66AFC = {
						CreatedOnToolsVersion = 11.6;
					};
					F74645D624D77FA000D66AFC = {
						CreatedOnToolsVersion = 11.6;
						TestTargetID = F74645C024D77F9100D66AFC;
					};
					F74645E124D77FA000D66AFC = {
						CreatedOnToolsVersion = 11.6;
						TestTargetID = F74645C024D77F9100D66AFC;
					};
				};
			};
			buildConfigurationList = F74645BC24D77F9000D66AFC /* Build configuration list for PBXProject "Tip" */;
			compatibilityVersion = "Xcode 9.3";
			developmentRegion = en;
			hasScannedForEncodings = 0;
			knownRegions = (
				en,
				Base,
			);
			mainGroup = F74645B824D77F9000D66AFC;
			productRefGroup = F74645C224D77F9100D66AFC /* Products */;
			projectDirPath = "";
			projectRoot = "";
			targets = (
				F74645C024D77F9100D66AFC /* Tip */,
				F74645D624D77FA000D66AFC /* TipTests */,
				F74645E124D77FA000D66AFC /* TipUITests */,
			);
		};
/* End PBXProject section */

/* Begin PBXResourcesBuildPhase section */
		F74645BF24D77F9100D66AFC /* Resources */ = {
			isa = PBXResourcesBuildPhase;
			buildActionMask = 2147483647;
			files = (
				F74645D124D77F9E00D66AFC /* LaunchScreen.storyboard in Resources */,
				F74645CE24D77F9E00D66AFC /* Assets.xcassets in Resources */,
				F74645CC24D77F9100D66AFC /* Main.storyboard in Resources */,
			);
			runOnlyForDeploymentPostprocessing = 0;
		};
		F74645D524D77FA000D66AFC /* Resources */ = {
			isa = PBXResourcesBuildPhase;
			buildActionMask = 2147483647;
			files = (
			);
			runOnlyForDeploymentPostprocessing = 0;
		};
		F74645E024D77FA000D66AFC /* Resources */ = {
			isa = PBXResourcesBuildPhase;
			buildActionMask = 2147483647;
			files = (
			);
			runOnlyForDeploymentPostprocessing = 0;
		};
/* End PBXResourcesBuildPhase section */

/* Begin PBXSourcesBuildPhase section */
		F74645BD24D77F9100D66AFC /* Sources */ = {
			isa = PBXSourcesBuildPhase;
			buildActionMask = 2147483647;
			files = (
				F74645C924D77F9100D66AFC /* ViewController.swift in Sources */,
				F74645C524D77F9100D66AFC /* AppDelegate.swift in Sources */,
				F74645C724D77F9100D66AFC /* SceneDelegate.swift in Sources */,
			);
			runOnlyForDeploymentPostprocessing = 0;
		};
		F74645D324D77FA000D66AFC /* Sources */ = {
			isa = PBXSourcesBuildPhase;
			buildActionMask = 2147483647;
			files = (
				F74645DC24D77FA000D66AFC /* TipTests.swift in Sources */,
			);
			runOnlyForDeploymentPostprocessing = 0;
		};
		F74645DE24D77FA000D66AFC /* Sources */ = {
			isa = PBXSourcesBuildPhase;
			buildActionMask = 2147483647;
			files = (
				F74645E724D77FA000D66AFC /* TipUITests.swift in Sources */,
			);
			runOnlyForDeploymentPostprocessing = 0;
		};
/* End PBXSourcesBuildPhase section */

/* Begin PBXTargetDependency section */
		F74645D924D77FA000D66AFC /* PBXTargetDependency */ = {
			isa = PBXTargetDependency;
			target = F74645C024D77F9100D66AFC /* Tip */;
			targetProxy = F74645D824D77FA000D66AFC /* PBXContainerItemProxy */;
		};
		F74645E424D77FA000D66AFC /* PBXTargetDependency */ = {
			isa = PBXTargetDependency;
			target = F74645C024D77F9100D66AFC /* Tip */;
			targetProxy = F74645E324D77FA000D66AFC /* PBXContainerItemProxy */;
		};
/* End PBXTargetDependency section */

/* Begin PBXVariantGroup section */
		F74645CA24D77F9100D66AFC /* Main.storyboard */ = {
			isa = PBXVariantGroup;
			children = (
				F74645CB24D77F9100D66AFC /* Base */,
			);
			name = Main.storyboard;
			sourceTree = "<group>";
		};
		F74645CF24D77F9E00D66AFC /* LaunchScreen.storyboard */ = {
			isa = PBXVariantGroup;
			children = (
				F74645D024D77F9E00D66AFC /* Base */,
			);
			name = LaunchScreen.storyboard;
			sourceTree = "<group>";
		};
/* End PBXVariantGroup section */

/* Begin XCBuildConfiguration section */
		F74645E924D77FA100D66AFC /* Debug */ = {
			isa = XCBuildConfiguration;
			buildSettings = {
				ALWAYS_SEARCH_USER_PATHS = NO;
				CLANG_ANALYZER_NONNULL = YES;
				CLANG_ANALYZER_NUMBER_OBJECT_CONVERSION = YES_AGGRESSIVE;
				CLANG_CXX_LANGUAGE_STANDARD = "gnu++14";
				CLANG_CXX_LIBRARY = "libc++";
				CLANG_ENABLE_MODULES = YES;
				CLANG_ENABLE_OBJC_ARC = YES;
				CLANG_ENABLE_OBJC_WEAK = YES;
				CLANG_WARN_BLOCK_CAPTURE_AUTORELEASING = YES;
				CLANG_WARN_BOOL_CONVERSION = YES;
				CLANG_WARN_COMMA = YES;
				CLANG_WARN_CONSTANT_CONVERSION = YES;
				CLANG_WARN_DEPRECATED_OBJC_IMPLEMENTATIONS = YES;
				CLANG_WARN_DIRECT_OBJC_ISA_USAGE = YES_ERROR;
				CLANG_WARN_DOCUMENTATION_COMMENTS = YES;
				CLANG_WARN_EMPTY_BODY = YES;
				CLANG_WARN_ENUM_CONVERSION = YES;
				CLANG_WARN_INFINITE_RECURSION = YES;
				CLANG_WARN_INT_CONVERSION = YES;
				CLANG_WARN_NON_LITERAL_NULL_CONVERSION = YES;
				CLANG_WARN_OBJC_IMPLICIT_RETAIN_SELF = YES;
				CLANG_WARN_OBJC_LITERAL_CONVERSION = YES;
				CLANG_WARN_OBJC_ROOT_CLASS = YES_ERROR;
				CLANG_WARN_RANGE_LOOP_ANALYSIS = YES;
				CLANG_WARN_STRICT_PROTOTYPES = YES;
				CLANG_WARN_SUSPICIOUS_MOVE = YES;
				CLANG_WARN_UNGUARDED_AVAILABILITY = YES_AGGRESSIVE;
				CLANG_WARN_UNREACHABLE_CODE = YES;
				CLANG_WARN__DUPLICATE_METHOD_MATCH = YES;
				COPY_PHASE_STRIP = NO;
				DEBUG_INFORMATION_FORMAT = dwarf;
				ENABLE_STRICT_OBJC_MSGSEND = YES;
				ENABLE_TESTABILITY = YES;
				GCC_C_LANGUAGE_STANDARD = gnu11;
				GCC_DYNAMIC_NO_PIC = NO;
				GCC_NO_COMMON_BLOCKS = YES;
				GCC_OPTIMIZATION_LEVEL = 0;
				GCC_PREPROCESSOR_DEFINITIONS = (
					"DEBUG=1",
					"$(inherited)",
				);
				GCC_WARN_64_TO_32_BIT_CONVERSION = YES;
				GCC_WARN_ABOUT_RETURN_TYPE = YES_ERROR;
				GCC_WARN_UNDECLARED_SELECTOR = YES;
				GCC_WARN_UNINITIALIZED_AUTOS = YES_AGGRESSIVE;
				GCC_WARN_UNUSED_FUNCTION = YES;
				GCC_WARN_UNUSED_VARIABLE = YES;
				IPHONEOS_DEPLOYMENT_TARGET = 13.6;
				MTL_ENABLE_DEBUG_INFO = INCLUDE_SOURCE;
				MTL_FAST_MATH = YES;
				ONLY_ACTIVE_ARCH = YES;
				SDKROOT = iphoneos;
				SWIFT_ACTIVE_COMPILATION_CONDITIONS = DEBUG;
				SWIFT_OPTIMIZATION_LEVEL = "-Onone";
			};
			name = Debug;
		};
		F74645EA24D77FA100D66AFC /* Release */ = {
			isa = XCBuildConfiguration;
			buildSettings = {
				ALWAYS_SEARCH_USER_PATHS = NO;
				CLANG_ANALYZER_NONNULL = YES;
				CLANG_ANALYZER_NUMBER_OBJECT_CONVERSION = YES_AGGRESSIVE;
				CLANG_CXX_LANGUAGE_STANDARD = "gnu++14";
				CLANG_CXX_LIBRARY = "libc++";
				CLANG_ENABLE_MODULES = YES;
				CLANG_ENABLE_OBJC_ARC = YES;
				CLANG_ENABLE_OBJC_WEAK = YES;
				CLANG_WARN_BLOCK_CAPTURE_AUTORELEASING = YES;
				CLANG_WARN_BOOL_CONVERSION = YES;
				CLANG_WARN_COMMA = YES;
				CLANG_WARN_CONSTANT_CONVERSION = YES;
				CLANG_WARN_DEPRECATED_OBJC_IMPLEMENTATIONS = YES;
				CLANG_WARN_DIRECT_OBJC_ISA_USAGE = YES_ERROR;
				CLANG_WARN_DOCUMENTATION_COMMENTS = YES;
				CLANG_WARN_EMPTY_BODY = YES;
				CLANG_WARN_ENUM_CONVERSION = YES;
				CLANG_WARN_INFINITE_RECURSION = YES;
				CLANG_WARN_INT_CONVERSION = YES;
				CLANG_WARN_NON_LITERAL_NULL_CONVERSION = YES;
				CLANG_WARN_OBJC_IMPLICIT_RETAIN_SELF = YES;
				CLANG_WARN_OBJC_LITERAL_CONVERSION = YES;
				CLANG_WARN_OBJC_ROOT_CLASS = YES_ERROR;
				CLANG_WARN_RANGE_LOOP_ANALYSIS = YES;
				CLANG_WARN_STRICT_PROTOTYPES = YES;
				CLANG_WARN_SUSPICIOUS_MOVE = YES;
				CLANG_WARN_UNGUARDED_AVAILABILITY = YES_AGGRESSIVE;
				CLANG_WARN_UNREACHABLE_CODE = YES;
				CLANG_WARN__DUPLICATE_METHOD_MATCH = YES;
				COPY_PHASE_STRIP = NO;
				DEBUG_INFORMATION_FORMAT = "dwarf-with-dsym";
				ENABLE_NS_ASSERTIONS = NO;
				ENABLE_STRICT_OBJC_MSGSEND = YES;
				GCC_C_LANGUAGE_STANDARD = gnu11;
				GCC_NO_COMMON_BLOCKS = YES;
				GCC_WARN_64_TO_32_BIT_CONVERSION = YES;
				GCC_WARN_ABOUT_RETURN_TYPE = YES_ERROR;
				GCC_WARN_UNDECLARED_SELECTOR = YES;
				GCC_WARN_UNINITIALIZED_AUTOS = YES_AGGRESSIVE;
				GCC_WARN_UNUSED_FUNCTION = YES;
				GCC_WARN_UNUSED_VARIABLE = YES;
				IPHONEOS_DEPLOYMENT_TARGET = 13.6;
				MTL_ENABLE_DEBUG_INFO = NO;
				MTL_FAST_MATH = YES;
				SDKROOT = iphoneos;
				SWIFT_COMPILATION_MODE = wholemodule;
				SWIFT_OPTIMIZATION_LEVEL = "-O";
				VALIDATE_PRODUCT = YES;
			};
			name = Release;
		};
		F74645EC24D77FA100D66AFC /* Debug */ = {
			isa = XCBuildConfiguration;
			buildSettings = {
				ASSETCATALOG_COMPILER_APPICON_NAME = AppIcon;
				CODE_SIGN_STYLE = Automatic;
				INFOPLIST_FILE = Tip/Info.plist;
				LD_RUNPATH_SEARCH_PATHS = (
					"$(inherited)",
					"@executable_path/Frameworks",
				);
				PRODUCT_BUNDLE_IDENTIFIER = Codepath.Tip;
				PRODUCT_NAME = "$(TARGET_NAME)";
				SWIFT_VERSION = 5.0;
				TARGETED_DEVICE_FAMILY = "1,2";
			};
			name = Debug;
		};
		F74645ED24D77FA100D66AFC /* Release */ = {
			isa = XCBuildConfiguration;
			buildSettings = {
				ASSETCATALOG_COMPILER_APPICON_NAME = AppIcon;
				CODE_SIGN_STYLE = Automatic;
				INFOPLIST_FILE = Tip/Info.plist;
				LD_RUNPATH_SEARCH_PATHS = (
					"$(inherited)",
					"@executable_path/Frameworks",
				);
				PRODUCT_BUNDLE_IDENTIFIER = Codepath.Tip;
				PRODUCT_NAME = "$(TARGET_NAME)";
				SWIFT_VERSION = 5.0;
				TARGETED_DEVICE_FAMILY = "1,2";
			};
			name = Release;
		};
		F74645EF24D77FA100D66AFC /* Debug */ = {
			isa = XCBuildConfiguration;
			buildSettings = {
				ALWAYS_EMBED_SWIFT_STANDARD_LIBRARIES = YES;
				BUNDLE_LOADER = "$(TEST_HOST)";
				CODE_SIGN_STYLE = Automatic;
				INFOPLIST_FILE = TipTests/Info.plist;
				IPHONEOS_DEPLOYMENT_TARGET = 13.6;
				LD_RUNPATH_SEARCH_PATHS = (
					"$(inherited)",
					"@executable_path/Frameworks",
					"@loader_path/Frameworks",
				);
				PRODUCT_BUNDLE_IDENTIFIER = Codepath.TipTests;
				PRODUCT_NAME = "$(TARGET_NAME)";
				SWIFT_VERSION = 5.0;
				TARGETED_DEVICE_FAMILY = "1,2";
				TEST_HOST = "$(BUILT_PRODUCTS_DIR)/Tip.app/Tip";
			};
			name = Debug;
		};
		F74645F024D77FA100D66AFC /* Release */ = {
			isa = XCBuildConfiguration;
			buildSettings = {
				ALWAYS_EMBED_SWIFT_STANDARD_LIBRARIES = YES;
				BUNDLE_LOADER = "$(TEST_HOST)";
				CODE_SIGN_STYLE = Automatic;
				INFOPLIST_FILE = TipTests/Info.plist;
				IPHONEOS_DEPLOYMENT_TARGET = 13.6;
				LD_RUNPATH_SEARCH_PATHS = (
					"$(inherited)",
					"@executable_path/Frameworks",
					"@loader_path/Frameworks",
				);
				PRODUCT_BUNDLE_IDENTIFIER = Codepath.TipTests;
				PRODUCT_NAME = "$(TARGET_NAME)";
				SWIFT_VERSION = 5.0;
				TARGETED_DEVICE_FAMILY = "1,2";
				TEST_HOST = "$(BUILT_PRODUCTS_DIR)/Tip.app/Tip";
			};
			name = Release;
		};
		F74645F224D77FA100D66AFC /* Debug */ = {
			isa = XCBuildConfiguration;
			buildSettings = {
				ALWAYS_EMBED_SWIFT_STANDARD_LIBRARIES = YES;
				CODE_SIGN_STYLE = Automatic;
				INFOPLIST_FILE = TipUITests/Info.plist;
				LD_RUNPATH_SEARCH_PATHS = (
					"$(inherited)",
					"@executable_path/Frameworks",
					"@loader_path/Frameworks",
				);
				PRODUCT_BUNDLE_IDENTIFIER = Codepath.TipUITests;
				PRODUCT_NAME = "$(TARGET_NAME)";
				SWIFT_VERSION = 5.0;
				TARGETED_DEVICE_FAMILY = "1,2";
				TEST_TARGET_NAME = Tip;
			};
			name = Debug;
		};
		F74645F324D77FA100D66AFC /* Release */ = {
			isa = XCBuildConfiguration;
			buildSettings = {
				ALWAYS_EMBED_SWIFT_STANDARD_LIBRARIES = YES;
				CODE_SIGN_STYLE = Automatic;
				INFOPLIST_FILE = TipUITests/Info.plist;
				LD_RUNPATH_SEARCH_PATHS = (
					"$(inherited)",
					"@executable_path/Frameworks",
					"@loader_path/Frameworks",
				);
				PRODUCT_BUNDLE_IDENTIFIER = Codepath.TipUITests;
				PRODUCT_NAME = "$(TARGET_NAME)";
				SWIFT_VERSION = 5.0;
				TARGETED_DEVICE_FAMILY = "1,2";
				TEST_TARGET_NAME = Tip;
			};
			name = Release;
		};
/* End XCBuildConfiguration section */

/* Begin XCConfigurationList section */
		F74645BC24D77F9000D66AFC /* Build configuration list for PBXProject "Tip" */ = {
			isa = XCConfigurationList;
			buildConfigurations = (
				F74645E924D77FA100D66AFC /* Debug */,
				F74645EA24D77FA100D66AFC /* Release */,
			);
			defaultConfigurationIsVisible = 0;
			defaultConfigurationName = Release;
		};
		F74645EB24D77FA100D66AFC /* Build configuration list for PBXNativeTarget "Tip" */ = {
			isa = XCConfigurationList;
			buildConfigurations = (
				F74645EC24D77FA100D66AFC /* Debug */,
				F74645ED24D77FA100D66AFC /* Release */,
			);
			defaultConfigurationIsVisible = 0;
			defaultConfigurationName = Release;
		};
		F74645EE24D77FA100D66AFC /* Build configuration list for PBXNativeTarget "TipTests" */ = {
			isa = XCConfigurationList;
			buildConfigurations = (
				F74645EF24D77FA100D66AFC /* Debug */,
				F74645F024D77FA100D66AFC /* Release */,
			);
			defaultConfigurationIsVisible = 0;
			defaultConfigurationName = Release;
		};
		F74645F124D77FA100D66AFC /* Build configuration list for PBXNativeTarget "TipUITests" */ = {
			isa = XCConfigurationList;
			buildConfigurations = (
				F74645F224D77FA100D66AFC /* Debug */,
				F74645F324D77FA100D66AFC /* Release */,
			);
			defaultConfigurationIsVisible = 0;
			defaultConfigurationName = Release;
		};
/* End XCConfigurationList section */
	};
	rootObject = F74645B924D77F9000D66AFC /* Project object */;
}
